// !$*UTF8*$!
{
	archiveVersion = 1;
	classes = {
	};
	objectVersion = 60;
	objects = {

/* Begin PBXBuildFile section */
		0B659B1B622E19CAD9171705 /* NerkhCheckWidget.appex in Embed App Extensions */ = {isa = PBXBuildFile; fileRef = EC4F5D5B82748F9D7B9E8140 /* NerkhCheckWidget.appex */; settings = {ATTRIBUTES = (RemoveHeadersOnCopy, ); }; };
		1E51B77402D36D8CBF8CC16D /* Views/MainTabView.swift in Sources */ = {isa = PBXBuildFile; fileRef = 2185D6C543AC31D446E4AD75 /* Views/MainTabView.swift */; };
		2417850F8686961F4C2A2BDE /* Models/Models.swift in Sources */ = {isa = PBXBuildFile; fileRef = 69E4D2D025B79E9893BCBE9B /* Models/Models.swift */; };
		27F8EAF7D911A03B7AE497C2 /* Views/PriceListView.swift in Sources */ = {isa = PBXBuildFile; fileRef = FDBD0845FF4EDE8F45DDA027 /* Views/PriceListView.swift */; };
		2A6316A1F151151B95DBBB11 /* Services/PriceRepository.swift in Sources */ = {isa = PBXBuildFile; fileRef = D58F2AE380D9EEC6A77F7515 /* Services/PriceRepository.swift */; };
		337B4FE65F88A5FDE183B844 /* Models/Models.swift in Sources */ = {isa = PBXBuildFile; fileRef = 69E4D2D025B79E9893BCBE9B /* Models/Models.swift */; };
		38A3C369E47993921B8A2316 /* NerkhCheckApp.swift in Sources */ = {isa = PBXBuildFile; fileRef = F10EB2BF7780B87231B508A7 /* NerkhCheckApp.swift */; };
		3D144C34AFE29964E4AD5ECD /* Services/PriceRepository.swift in Sources */ = {isa = PBXBuildFile; fileRef = D58F2AE380D9EEC6A77F7515 /* Services/PriceRepository.swift */; };
		6E7FDF4010AD6F9BFB0D38C6 /* Models/AppTheme.swift in Sources */ = {isa = PBXBuildFile; fileRef = 60047FA7F5982AAEF70D433C /* Models/AppTheme.swift */; };
		8AA0C0E7626990DBE79691F6 /* Assets.xcassets in Resources */ = {isa = PBXBuildFile; fileRef = D9E819FF347359DE0E30C4A9 /* Assets.xcassets */; };
		8CC971803F60E0A3EF8B13EB /* NerkhCheckWidget.swift in Sources */ = {isa = PBXBuildFile; fileRef = 71332B4B13E634A20A883108 /* NerkhCheckWidget.swift */; };
		A5305D19728A9616A2081107 /* Util/Formatters.swift in Sources */ = {isa = PBXBuildFile; fileRef = E2BBDDE194714E3F6D960805 /* Util/Formatters.swift */; };
		A65D96EC3BCC525764B00355 /* ViewModels/AppState.swift in Sources */ = {isa = PBXBuildFile; fileRef = 50E810369B1274C5ACAF12CE /* ViewModels/AppState.swift */; };
		C94FF209B3BF6AAC1C06A216 /* Util/Formatters.swift in Sources */ = {isa = PBXBuildFile; fileRef = E2BBDDE194714E3F6D960805 /* Util/Formatters.swift */; };
		D7443847CB421C120B78F73F /* Views/SettingsView.swift in Sources */ = {isa = PBXBuildFile; fileRef = E18FFB671DC10684FDBB2423 /* Views/SettingsView.swift */; };
		DB661FB615E0B4BE33760B8B /* Views/ConverterView.swift in Sources */ = {isa = PBXBuildFile; fileRef = 2E4907C4DAADF31785A07A71 /* Views/ConverterView.swift */; };
		EF1B1B855618B2B055B23288 /* Models/AppTheme.swift in Sources */ = {isa = PBXBuildFile; fileRef = 60047FA7F5982AAEF70D433C /* Models/AppTheme.swift */; };
/* End PBXBuildFile section */

/* Begin PBXContainerItemProxy section */
		99E6A51DA0B86FE48AEB34ED /* PBXContainerItemProxy */ = {
			isa = PBXContainerItemProxy;
			containerPortal = F1424A3701C5602F57292C1D /* Project object */;
			proxyType = 1;
			remoteGlobalIDString = 0661F517A86C8F5C87C0EDBA;
			remoteInfo = NerkhCheckWidget;
		};
/* End PBXContainerItemProxy section */

/* Begin PBXCopyFilesBuildPhase section */
		0894E2626683DBE9DB5F3530 /* Embed App Extensions */ = {
			isa = PBXCopyFilesBuildPhase;
			buildActionMask = 2147483647;
			dstPath = "";
			dstSubfolderSpec = 13;
			files = (
				0B659B1B622E19CAD9171705 /* NerkhCheckWidget.appex in Embed App Extensions */,
			);
			name = "Embed App Extensions";
			runOnlyForDeploymentPostprocessing = 0;
		};
/* End PBXCopyFilesBuildPhase section */

/* Begin PBXFileReference section */
		2185D6C543AC31D446E4AD75 /* Views/MainTabView.swift */ = {isa = PBXFileReference; lastKnownFileType = sourcecode.swift; path = MainTabView.swift; sourceTree = "<group>"; };
		257527E81879BDF55D516962 /* NerkhCheck.entitlements */ = {isa = PBXFileReference; lastKnownFileType = text.plist.entitlements; path = NerkhCheck.entitlements; sourceTree = "<group>"; };
		2E4907C4DAADF31785A07A71 /* Views/ConverterView.swift */ = {isa = PBXFileReference; lastKnownFileType = sourcecode.swift; path = ConverterView.swift; sourceTree = "<group>"; };
		50E810369B1274C5ACAF12CE /* ViewModels/AppState.swift */ = {isa = PBXFileReference; lastKnownFileType = sourcecode.swift; path = AppState.swift; sourceTree = "<group>"; };
		60047FA7F5982AAEF70D433C /* Models/AppTheme.swift */ = {isa = PBXFileReference; lastKnownFileType = sourcecode.swift; path = AppTheme.swift; sourceTree = "<group>"; };
		69E4D2D025B79E9893BCBE9B /* Models/Models.swift */ = {isa = PBXFileReference; lastKnownFileType = sourcecode.swift; path = Models.swift; sourceTree = "<group>"; };
		71332B4B13E634A20A883108 /* NerkhCheckWidget.swift */ = {isa = PBXFileReference; lastKnownFileType = sourcecode.swift; path = NerkhCheckWidget.swift; sourceTree = "<group>"; };
		8D61BEB22A104B60A5A71826 /* Info.plist */ = {isa = PBXFileReference; lastKnownFileType = text.plist.xml; path = Info.plist; sourceTree = "<group>"; };
		0C6C0380F35049D3AB243AB5 /* Info.plist */ = {isa = PBXFileReference; lastKnownFileType = text.plist.xml; path = Info.plist; sourceTree = "<group>"; };
		8F9B3A24C2BA73EAC41969A9 /* NerkhCheck.app */ = {isa = PBXFileReference; explicitFileType = wrapper.application; path = NerkhCheck.app; sourceTree = BUILT_PRODUCTS_DIR; };
		D58F2AE380D9EEC6A77F7515 /* Services/PriceRepository.swift */ = {isa = PBXFileReference; lastKnownFileType = sourcecode.swift; path = PriceRepository.swift; sourceTree = "<group>"; };
		D9E819FF347359DE0E30C4A9 /* Assets.xcassets */ = {isa = PBXFileReference; lastKnownFileType = folder.assetcatalog; path = Assets.xcassets; sourceTree = "<group>"; };
		E18FFB671DC10684FDBB2423 /* Views/SettingsView.swift */ = {isa = PBXFileReference; lastKnownFileType = sourcecode.swift; path = SettingsView.swift; sourceTree = "<group>"; };
		E2BBDDE194714E3F6D960805 /* Util/Formatters.swift */ = {isa = PBXFileReference; lastKnownFileType = sourcecode.swift; path = Formatters.swift; sourceTree = "<group>"; };
		EA8F31F250821C2E42D0325F /* NerkhCheckWidget.entitlements */ = {isa = PBXFileReference; lastKnownFileType = text.plist.entitlements; path = NerkhCheckWidget.entitlements; sourceTree = "<group>"; };
		EC4F5D5B82748F9D7B9E8140 /* NerkhCheckWidget.appex */ = {isa = PBXFileReference; explicitFileType = "wrapper.app-extension"; path = NerkhCheckWidget.appex; sourceTree = BUILT_PRODUCTS_DIR; };
		F10EB2BF7780B87231B508A7 /* NerkhCheckApp.swift */ = {isa = PBXFileReference; lastKnownFileType = sourcecode.swift; path = NerkhCheckApp.swift; sourceTree = "<group>"; };
		FDBD0845FF4EDE8F45DDA027 /* Views/PriceListView.swift */ = {isa = PBXFileReference; lastKnownFileType = sourcecode.swift; path = PriceListView.swift; sourceTree = "<group>"; };
/* End PBXFileReference section */

/* Begin PBXFrameworksBuildPhase section */
		9E88FEF503C1E40FDF23CCDE /* Frameworks */ = {
			isa = PBXFrameworksBuildPhase;
			buildActionMask = 2147483647;
			files = (
			);
			runOnlyForDeploymentPostprocessing = 0;
		};
		CBF680522761010FEF9A3105 /* Frameworks */ = {
			isa = PBXFrameworksBuildPhase;
			buildActionMask = 2147483647;
			files = (
			);
			runOnlyForDeploymentPostprocessing = 0;
		};
/* End PBXFrameworksBuildPhase section */

/* Begin PBXGroup section */
		05B7FA239A891890C7F8C10F /* ViewModels */ = {
			isa = PBXGroup;
			children = (
				50E810369B1274C5ACAF12CE /* ViewModels/AppState.swift */,
			);
			path = ViewModels;
			sourceTree = "<group>";
		};
		17788EB861A1637037E558DB /* Models */ = {
			isa = PBXGroup;
			children = (
				69E4D2D025B79E9893BCBE9B /* Models/Models.swift */,
				60047FA7F5982AAEF70D433C /* Models/AppTheme.swift */,
			);
			path = Models;
			sourceTree = "<group>";
		};
		3D5CD09FBB0DD2085C826316 /* Views */ = {
			isa = PBXGroup;
			children = (
				2185D6C543AC31D446E4AD75 /* Views/MainTabView.swift */,
				FDBD0845FF4EDE8F45DDA027 /* Views/PriceListView.swift */,
				2E4907C4DAADF31785A07A71 /* Views/ConverterView.swift */,
				E18FFB671DC10684FDBB2423 /* Views/SettingsView.swift */,
			);
			path = Views;
			sourceTree = "<group>";
		};
		518DA81DB9B99529C0C0AEBE = {
			isa = PBXGroup;
			children = (
				82CF2A43A7100F086D7FCFDD /* NerkhCheck */,
				EC21069A65F2CA977FE14A64 /* NerkhCheckWidget */,
				547D009064F7C3F13BEF3460 /* Products */,
			);
			sourceTree = "<group>";
		};
		547D009064F7C3F13BEF3460 /* Products */ = {
			isa = PBXGroup;
			children = (
				8F9B3A24C2BA73EAC41969A9 /* NerkhCheck.app */,
				EC4F5D5B82748F9D7B9E8140 /* NerkhCheckWidget.appex */,
			);
			name = Products;
			sourceTree = "<group>";
		};
		82CF2A43A7100F086D7FCFDD /* NerkhCheck */ = {
			isa = PBXGroup;
			children = (
				F10EB2BF7780B87231B508A7 /* NerkhCheckApp.swift */,
				17788EB861A1637037E558DB /* Models */,
				869AE5B1BD5A5BB1C0DF218A /* Util */,
				B8BCF0B227C26EB91021DDF0 /* Services */,
				05B7FA239A891890C7F8C10F /* ViewModels */,
				3D5CD09FBB0DD2085C826316 /* Views */,
				8D61BEB22A104B60A5A71826 /* Info.plist */,
				257527E81879BDF55D516962 /* NerkhCheck.entitlements */,
				D9E819FF347359DE0E30C4A9 /* Assets.xcassets */,
			);
			path = NerkhCheck;
			sourceTree = "<group>";
		};
		869AE5B1BD5A5BB1C0DF218A /* Util */ = {
			isa = PBXGroup;
			children = (
				E2BBDDE194714E3F6D960805 /* Util/Formatters.swift */,
			);
			path = Util;
			sourceTree = "<group>";
		};
		B8BCF0B227C26EB91021DDF0 /* Services */ = {
			isa = PBXGroup;
			children = (
				D58F2AE380D9EEC6A77F7515 /* Services/PriceRepository.swift */,
			);
			path = Services;
			sourceTree = "<group>";
		};
		EC21069A65F2CA977FE14A64 /* NerkhCheckWidget */ = {
			isa = PBXGroup;
			children = (
				71332B4B13E634A20A883108 /* NerkhCheckWidget.swift */,
				0C6C0380F35049D3AB243AB5 /* Info.plist */,
				EA8F31F250821C2E42D0325F /* NerkhCheckWidget.entitlements */,
			);
			path = NerkhCheckWidget;
			sourceTree = "<group>";
		};
/* End PBXGroup section */

/* Begin PBXNativeTarget section */
		0661F517A86C8F5C87C0EDBA /* NerkhCheckWidget */ = {
			isa = PBXNativeTarget;
			buildConfigurationList = 8EB251B5FEF9F9B925BE1907 /* Build configuration list for PBXNativeTarget "NerkhCheckWidget" */;
			buildPhases = (
				220C0D6758212FE888A01291 /* Sources */,
				CBF680522761010FEF9A3105 /* Frameworks */,
				B2EB01E0E895CE4CFAAEAFC4 /* Resources */,
			);
			buildRules = (
			);
			dependencies = (
			);
			name = NerkhCheckWidget;
			productName = NerkhCheckWidget;
			productReference = EC4F5D5B82748F9D7B9E8140 /* NerkhCheckWidget.appex */;
			productType = "com.apple.product-type.app-extension";
		};
		E3435DDA2687639586BF0B70 /* NerkhCheck */ = {
			isa = PBXNativeTarget;
			buildConfigurationList = 5505F9AF814A7F0992DE2402 /* Build configuration list for PBXNativeTarget "NerkhCheck" */;
			buildPhases = (
				2FB286088BD0BF8AE88E0D78 /* Sources */,
				9E88FEF503C1E40FDF23CCDE /* Frameworks */,
				B156C1E46BE15DE52AC798A1 /* Resources */,
				0894E2626683DBE9DB5F3530 /* Embed App Extensions */,
			);
			buildRules = (
			);
			dependencies = (
				EE1DEC3FECAFB049B3EB4C70 /* PBXTargetDependency */,
			);
			name = NerkhCheck;
			productName = NerkhCheck;
			productReference = 8F9B3A24C2BA73EAC41969A9 /* NerkhCheck.app */;
			productType = "com.apple.product-type.application";
		};
/* End PBXNativeTarget section */

/* Begin PBXProject section */
		F1424A3701C5602F57292C1D /* Project object */ = {
			isa = PBXProject;
			attributes = {
				TargetAttributes = {
					0661F517A86C8F5C87C0EDBA = {
						CreatedOnToolsVersion = 16.0;
					};
					E3435DDA2687639586BF0B70 = {
						CreatedOnToolsVersion = 16.0;
					};
				};
			};
			buildConfigurationList = 7EF2517A8FE63F4681EC5EEA /* Build configuration list for PBXProject "NerkhCheck" */;
			compatibilityVersion = "Xcode 16.0";
			developmentRegion = en;
			hasScannedForEncodings = 0;
			knownRegions = (
				en,
				fa,
			);
			mainGroup = 518DA81DB9B99529C0C0AEBE;
			productRefGroup = 547D009064F7C3F13BEF3460 /* Products */;
			projectDirPath = "";
			projectRoot = "";
			targets = (
				E3435DDA2687639586BF0B70 /* NerkhCheck */,
				0661F517A86C8F5C87C0EDBA /* NerkhCheckWidget */,
			);
		};
/* End PBXProject section */

/* Begin PBXResourcesBuildPhase section */
		B156C1E46BE15DE52AC798A1 /* Resources */ = {
			isa = PBXResourcesBuildPhase;
			buildActionMask = 2147483647;
			files = (
				8AA0C0E7626990DBE79691F6 /* Assets.xcassets in Resources */,
			);
			runOnlyForDeploymentPostprocessing = 0;
		};
		B2EB01E0E895CE4CFAAEAFC4 /* Resources */ = {
			isa = PBXResourcesBuildPhase;
			buildActionMask = 2147483647;
			files = (
			);
			runOnlyForDeploymentPostprocessing = 0;
		};
/* End PBXResourcesBuildPhase section */

/* Begin PBXSourcesBuildPhase section */
		220C0D6758212FE888A01291 /* Sources */ = {
			isa = PBXSourcesBuildPhase;
			buildActionMask = 2147483647;
			files = (
				337B4FE65F88A5FDE183B844 /* Models/Models.swift in Sources */,
				6E7FDF4010AD6F9BFB0D38C6 /* Models/AppTheme.swift in Sources */,
				A5305D19728A9616A2081107 /* Util/Formatters.swift in Sources */,
				3D144C34AFE29964E4AD5ECD /* Services/PriceRepository.swift in Sources */,
				8CC971803F60E0A3EF8B13EB /* NerkhCheckWidget.swift in Sources */,
			);
			runOnlyForDeploymentPostprocessing = 0;
		};
		2FB286088BD0BF8AE88E0D78 /* Sources */ = {
			isa = PBXSourcesBuildPhase;
			buildActionMask = 2147483647;
			files = (
				38A3C369E47993921B8A2316 /* NerkhCheckApp.swift in Sources */,
				2417850F8686961F4C2A2BDE /* Models/Models.swift in Sources */,
				EF1B1B855618B2B055B23288 /* Models/AppTheme.swift in Sources */,
				C94FF209B3BF6AAC1C06A216 /* Util/Formatters.swift in Sources */,
				2A6316A1F151151B95DBBB11 /* Services/PriceRepository.swift in Sources */,
				A65D96EC3BCC525764B00355 /* ViewModels/AppState.swift in Sources */,
				1E51B77402D36D8CBF8CC16D /* Views/MainTabView.swift in Sources */,
				27F8EAF7D911A03B7AE497C2 /* Views/PriceListView.swift in Sources */,
				DB661FB615E0B4BE33760B8B /* Views/ConverterView.swift in Sources */,
				D7443847CB421C120B78F73F /* Views/SettingsView.swift in Sources */,
			);
			runOnlyForDeploymentPostprocessing = 0;
		};
/* End PBXSourcesBuildPhase section */

/* Begin PBXTargetDependency section */
		EE1DEC3FECAFB049B3EB4C70 /* PBXTargetDependency */ = {
			isa = PBXTargetDependency;
			target = E3435DDA2687639586BF0B70 /* NerkhCheck */;
			targetProxy = 99E6A51DA0B86FE48AEB34ED /* PBXContainerItemProxy */;
		};
/* End PBXTargetDependency section */

/* Begin XCBuildConfiguration section */
		0615050D04BD2DC4E6CFFAFF /* Debug */ = {
			isa = XCBuildConfiguration;
			buildSettings = {
				ASSETCATALOG_COMPILER_APPICON_NAME = AppIcon;
				CODE_SIGN_ENTITLEMENTS = NerkhCheck/NerkhCheck.entitlements;
				CODE_SIGN_STYLE = Automatic;
				INFOPLIST_FILE = NerkhCheck/Info.plist;
				LD_RUNPATH_SEARCH_PATHS = (
					"$(inherited)",
					"@executable_path/Frameworks",
				);
				PRODUCT_BUNDLE_IDENTIFIER = com.chandeh.app;
				PRODUCT_NAME = "$(TARGET_NAME)";
				SWIFT_EMIT_LOC_STRINGS = YES;
				TARGETED_DEVICE_FAMILY = "1,2";
			};
			name = Debug;
		};
		2400F71B974292CB576F1869 /* Release */ = {
			isa = XCBuildConfiguration;
			buildSettings = {
				CODE_SIGN_ENTITLEMENTS = NerkhCheckWidget/NerkhCheckWidget.entitlements;
				CODE_SIGN_STYLE = Automatic;
				INFOPLIST_FILE = NerkhCheckWidget/Info.plist;
				LD_RUNPATH_SEARCH_PATHS = (
					"$(inherited)",
					"@executable_path/Frameworks",
					"@executable_path/../../Frameworks",
				);
				PRODUCT_BUNDLE_IDENTIFIER = com.chandeh.app.NerkhCheckWidget;
				PRODUCT_NAME = "$(TARGET_NAME)";
				SKIP_INSTALL = YES;
				SWIFT_EMIT_LOC_STRINGS = YES;
				TARGETED_DEVICE_FAMILY = "1,2";
			};
			name = Release;
		};
		2761849A6D0E26CA4E1817A1 /* Release */ = {
			isa = XCBuildConfiguration;
			buildSettings = {
				ASSETCATALOG_COMPILER_APPICON_NAME = AppIcon;
				CODE_SIGN_ENTITLEMENTS = NerkhCheck/NerkhCheck.entitlements;
				CODE_SIGN_STYLE = Automatic;
				INFOPLIST_FILE = NerkhCheck/Info.plist;
				LD_RUNPATH_SEARCH_PATHS = (
					"$(inherited)",
					"@executable_path/Frameworks",
				);
				PRODUCT_BUNDLE_IDENTIFIER = com.chandeh.app;
				PRODUCT_NAME = "$(TARGET_NAME)";
				SWIFT_EMIT_LOC_STRINGS = YES;
				TARGETED_DEVICE_FAMILY = "1,2";
			};
			name = Release;
		};
		4A43692AD8BCEEB8B727C85B /* Debug */ = {
			isa = XCBuildConfiguration;
			buildSettings = {
				ALWAYS_SEARCH_USER_PATHS = NO;
				CLANG_ANALYZER_NONNULL = YES;
				CLANG_ANALYZER_NUMBER_OBJECT_CONVERSION = YES_AGGRESSIVE;
				CLANG_CXX_LANGUAGE_STANDARD = "gnu++20";
				CLANG_ENABLE_MODULES = YES;
				CLANG_ENABLE_OBJC_ARC = YES;
				CLANG_WARN_BLOCK_CAPTURE_AUTORELEASING = YES;
				CLANG_WARN_BOOL_CONVERSION = YES;
				CLANG_WARN_CONSTANT_CONVERSION = YES;
				CLANG_WARN_DEPRECATED_OBJC_IMPLEMENTATIONS = YES;
				CLANG_WARN_DIRECT_OBJC_ISA_USAGE = YES_ERROR;
				CLANG_WARN_DOCUMENTATION_COMMENTS = YES;
				CLANG_WARN_EMPTY_BODY = YES;
				CLANG_WARN_ENUM_CONVERSION = YES;
				CLANG_WARN_INFINITE_RECURSION = YES;
				CLANG_WARN_INT_CONVERSION = YES;
				CLANG_WARN_NON_LITERAL_NULL_CONVERSION = YES;
				CLANG_WARN_OBJC_LITERAL_CONVERSION = YES;
				CLANG_WARN_OBJC_ROOT_CLASS = YES_ERROR;
				CLANG_WARN_QUOTED_INCLUDE_IN_FRAMEWORK_HEADER = YES;
				CLANG_WARN_RANGE_LOOP_ANALYSIS = YES;
				CLANG_WARN_STRICT_PROTOTYPES = YES;
				CLANG_WARN_SUSPICIOUS_MOVE = YES;
				CLANG_WARN_UNGUARDED_AVAILABILITY = YES_AGGRESSIVE;
				CLANG_WARN_UNREACHABLE_CODE = YES;
				COPY_PHASE_STRIP = NO;
				DEBUG_INFORMATION_FORMAT = dwarf;
				ENABLE_TESTABILITY = YES;
				GCC_C_LANGUAGE_STANDARD = gnu17;
				GCC_DYNAMIC_NO_PIC = NO;
				GCC_OPTIMIZATION_LEVEL = 0;
				GCC_PREPROCESSOR_DEFINITIONS = (
					"DEBUG=1",
					"$(inherited)",
				);
				IPHONEOS_DEPLOYMENT_TARGET = 17.0;
				MTL_ENABLE_DEBUG_INFO = INCLUDE_SOURCE;
				MTL_FAST_MATH = YES;
				ONLY_ACTIVE_ARCH = YES;
				SDKROOT = iphoneos;
				SWIFT_ACTIVE_COMPILATION_CONDITIONS = "DEBUG $(inherited)";
				SWIFT_OPTIMIZATION_LEVEL = "-Onone";
				SWIFT_VERSION = 5.0;
			};
			name = Debug;
		};
		C28449456A5A705A7479770B /* Release */ = {
			isa = XCBuildConfiguration;
			buildSettings = {
				ALWAYS_SEARCH_USER_PATHS = NO;
				CLANG_ANALYZER_NONNULL = YES;
				CLANG_ANALYZER_NUMBER_OBJECT_CONVERSION = YES_AGGRESSIVE;
				CLANG_CXX_LANGUAGE_STANDARD = "gnu++20";
				CLANG_ENABLE_MODULES = YES;
				CLANG_ENABLE_OBJC_ARC = YES;
				CLANG_WARN_BLOCK_CAPTURE_AUTORELEASING = YES;
				CLANG_WARN_BOOL_CONVERSION = YES;
				CLANG_WARN_CONSTANT_CONVERSION = YES;
				CLANG_WARN_DEPRECATED_OBJC_IMPLEMENTATIONS = YES;
				CLANG_WARN_DIRECT_OBJC_ISA_USAGE = YES_ERROR;
				CLANG_WARN_DOCUMENTATION_COMMENTS = YES;
				CLANG_WARN_EMPTY_BODY = YES;
				CLANG_WARN_ENUM_CONVERSION = YES;
				CLANG_WARN_INFINITE_RECURSION = YES;
				CLANG_WARN_INT_CONVERSION = YES;
				CLANG_WARN_NON_LITERAL_NULL_CONVERSION = YES;
				CLANG_WARN_OBJC_LITERAL_CONVERSION = YES;
				CLANG_WARN_OBJC_ROOT_CLASS = YES_ERROR;
				CLANG_WARN_QUOTED_INCLUDE_IN_FRAMEWORK_HEADER = YES;
				CLANG_WARN_RANGE_LOOP_ANALYSIS = YES;
				CLANG_WARN_STRICT_PROTOTYPES = YES;
				CLANG_WARN_SUSPICIOUS_MOVE = YES;
				CLANG_WARN_UNGUARDED_AVAILABILITY = YES_AGGRESSIVE;
				CLANG_WARN_UNREACHABLE_CODE = YES;
				COPY_PHASE_STRIP = NO;
				DEBUG_INFORMATION_FORMAT = "dwarf-with-dsym";
				ENABLE_NS_ASSERTIONS = NO;
				GCC_C_LANGUAGE_STANDARD = gnu17;
				GCC_OPTIMIZATION_LEVEL = s;
				IPHONEOS_DEPLOYMENT_TARGET = 17.0;
				MTL_ENABLE_DEBUG_INFO = NO;
				MTL_FAST_MATH = YES;
				SDKROOT = iphoneos;
				SWIFT_COMPILATION_MODE = wholemodule;
				SWIFT_OPTIMIZATION_LEVEL = "-O";
				SWIFT_VERSION = 5.0;
			};
			name = Release;
		};
		F6BAC4A516C70E3DCDCADAFC /* Debug */ = {
			isa = XCBuildConfiguration;
			buildSettings = {
				CODE_SIGN_ENTITLEMENTS = NerkhCheckWidget/NerkhCheckWidget.entitlements;
				CODE_SIGN_STYLE = Automatic;
				INFOPLIST_FILE = NerkhCheckWidget/Info.plist;
				LD_RUNPATH_SEARCH_PATHS = (
					"$(inherited)",
					"@executable_path/Frameworks",
					"@executable_path/../../Frameworks",
				);
				PRODUCT_BUNDLE_IDENTIFIER = com.chandeh.app.NerkhCheckWidget;
				PRODUCT_NAME = "$(TARGET_NAME)";
				SKIP_INSTALL = YES;
				SWIFT_EMIT_LOC_STRINGS = YES;
				TARGETED_DEVICE_FAMILY = "1,2";
			};
			name = Debug;
		};
/* End XCBuildConfiguration section */

/* Begin XCConfigurationList section */
		5505F9AF814A7F0992DE2402 /* Build configuration list for PBXNativeTarget "NerkhCheck" */ = {
			isa = XCConfigurationList;
			buildConfigurations = (
				0615050D04BD2DC4E6CFFAFF /* Debug */,
				2761849A6D0E26CA4E1817A1 /* Release */,
			);
			defaultConfigurationIsVisible = 0;
			defaultConfigurationName = Release;
		};
		7EF2517A8FE63F4681EC5EEA /* Build configuration list for PBXProject "NerkhCheck" */ = {
			isa = XCConfigurationList;
			buildConfigurations = (
				4A43692AD8BCEEB8B727C85B /* Debug */,
				C28449456A5A705A7479770B /* Release */,
			);
			defaultConfigurationIsVisible = 0;
			defaultConfigurationName = Release;
		};
		8EB251B5FEF9F9B925BE1907 /* Build configuration list for PBXNativeTarget "NerkhCheckWidget" */ = {
			isa = XCConfigurationList;
			buildConfigurations = (
				F6BAC4A516C70E3DCDCADAFC /* Debug */,
				2400F71B974292CB576F1869 /* Release */,
			);
			defaultConfigurationIsVisible = 0;
			defaultConfigurationName = Release;
		};
/* End XCConfigurationList section */
	};
	rootObject = F1424A3701C5602F57292C1D /* Project object */;
}
